// !$*UTF8*$!
{
	archiveVersion = 1;
	classes = {
	};
	objectVersion = 50;
	objects = {

/* Begin PBXBuildFile section */
		332761B924790CCB00BDB8C4 /* AppDelegate.m in Sources */ = {isa = PBXBuildFile; fileRef = 33DA2AD0247112FA00CF4490 /* AppDelegate.m */; };
		332761BA24790CE200BDB8C4 /* SceneDelegate.m in Sources */ = {isa = PBXBuildFile; fileRef = 33DA2AD3247112FA00CF4490 /* SceneDelegate.m */; };
		332761BB24790CF200BDB8C4 /* FirstViewController.m in Sources */ = {isa = PBXBuildFile; fileRef = 332761B02479053A00BDB8C4 /* FirstViewController.m */; };
		332761BC24790CF600BDB8C4 /* SecondViewController.m in Sources */ = {isa = PBXBuildFile; fileRef = 332761B12479053A00BDB8C4 /* SecondViewController.m */; };
		332761BD24790CFE00BDB8C4 /* main.m in Sources */ = {isa = PBXBuildFile; fileRef = 33DA2AE1247112FC00CF4490 /* main.m */; };
		332761C924790F6D00BDB8C4 /* AirportsViewController.m in Sources */ = {isa = PBXBuildFile; fileRef = 332761C824790F6D00BDB8C4 /* AirportsViewController.m */; };
		332761CC2479117100BDB8C4 /* CitiesViewController.m in Sources */ = {isa = PBXBuildFile; fileRef = 332761CB2479117100BDB8C4 /* CitiesViewController.m */; };
		332761CF2479152900BDB8C4 /* AirportTableViewCell.m in Sources */ = {isa = PBXBuildFile; fileRef = 332761CE2479152900BDB8C4 /* AirportTableViewCell.m */; };
		33346DE6249C7F3C00A08AE6 /* MainTabBarController.m in Sources */ = {isa = PBXBuildFile; fileRef = 33346DE5249C7F3C00A08AE6 /* MainTabBarController.m */; };
		33346DEB249DC70800A08AE6 /* PhotoStoryboard.storyboard in Resources */ = {isa = PBXBuildFile; fileRef = 33346DEA249DC70800A08AE6 /* PhotoStoryboard.storyboard */; };
		33346DEE249DCF5800A08AE6 /* PhotoCollectionViewController.m in Sources */ = {isa = PBXBuildFile; fileRef = 33346DED249DCF5800A08AE6 /* PhotoCollectionViewController.m */; };
		33346DF1249DD2CB00A08AE6 /* PhotoNavigationController.m in Sources */ = {isa = PBXBuildFile; fileRef = 33346DF0249DD2CB00A08AE6 /* PhotoNavigationController.m */; };
		33346DF4249F14F800A08AE6 /* PhotoCollectionViewCell.m in Sources */ = {isa = PBXBuildFile; fileRef = 33346DF3249F14F800A08AE6 /* PhotoCollectionViewCell.m */; };
		33C7D6D624791BD3000E3E53 /* countries.json in Resources */ = {isa = PBXBuildFile; fileRef = 33C7D6BA24791BD2000E3E53 /* countries.json */; };
		33C7D6D724791BD3000E3E53 /* Country.m in Sources */ = {isa = PBXBuildFile; fileRef = 33C7D6BC24791BD2000E3E53 /* Country.m */; };
		33C7D6D824791BD3000E3E53 /* City.m in Sources */ = {isa = PBXBuildFile; fileRef = 33C7D6BE24791BD2000E3E53 /* City.m */; };
		33C7D6D924791BD3000E3E53 /* Airport.m in Sources */ = {isa = PBXBuildFile; fileRef = 33C7D6BF24791BD2000E3E53 /* Airport.m */; };
		33C7D6DA24791BD3000E3E53 /* DataManager.m in Sources */ = {isa = PBXBuildFile; fileRef = 33C7D6C224791BD2000E3E53 /* DataManager.m */; };
		33C7D6DB24791BD3000E3E53 /* cities.json in Resources */ = {isa = PBXBuildFile; fileRef = 33C7D6C324791BD2000E3E53 /* cities.json */; };
		33C7D6DC24791BD3000E3E53 /* airports.json in Resources */ = {isa = PBXBuildFile; fileRef = 33C7D6C424791BD2000E3E53 /* airports.json */; };
		33C7D6E724791D85000E3E53 /* CityTableViewCell.m in Sources */ = {isa = PBXBuildFile; fileRef = 33C7D6E624791D85000E3E53 /* CityTableViewCell.m */; };
		33CCAD612483972100E7C32F /* NewsStoryboard.storyboard in Resources */ = {isa = PBXBuildFile; fileRef = 33CCAD602483972100E7C32F /* NewsStoryboard.storyboard */; };
		33CCAD652483A13C00E7C32F /* NewsNavigationController.m in Sources */ = {isa = PBXBuildFile; fileRef = 33CCAD642483A13C00E7C32F /* NewsNavigationController.m */; };
		33CCAD682483A6E300E7C32F /* NewsTableViewController.m in Sources */ = {isa = PBXBuildFile; fileRef = 33CCAD672483A6E300E7C32F /* NewsTableViewController.m */; };
		33CCAD6C2483AA3C00E7C32F /* NewsDataManager.m in Sources */ = {isa = PBXBuildFile; fileRef = 33CCAD6B2483AA3C00E7C32F /* NewsDataManager.m */; };
		33CCAD702483AA6E00E7C32F /* News.m in Sources */ = {isa = PBXBuildFile; fileRef = 33CCAD6F2483AA6E00E7C32F /* News.m */; };
		33CCAD742483C08800E7C32F /* NewsTableViewCell.m in Sources */ = {isa = PBXBuildFile; fileRef = 33CCAD732483C08800E7C32F /* NewsTableViewCell.m */; };
		33CCAD772483D97F00E7C32F /* NewsContentViewController.m in Sources */ = {isa = PBXBuildFile; fileRef = 33CCAD762483D97F00E7C32F /* NewsContentViewController.m */; };
		33DA2ADC247112FC00CF4490 /* Assets.xcassets in Resources */ = {isa = PBXBuildFile; fileRef = 33DA2ADB247112FC00CF4490 /* Assets.xcassets */; };
		33DA2ADF247112FC00CF4490 /* LaunchScreen.storyboard in Resources */ = {isa = PBXBuildFile; fileRef = 33DA2ADD247112FC00CF4490 /* LaunchScreen.storyboard */; };
		33E4A513248FFB8500433842 /* CityMapViewController.m in Sources */ = {isa = PBXBuildFile; fileRef = 33E4A512248FFB8500433842 /* CityMapViewController.m */; };
		33E4A516248FFFDD00433842 /* CityMapView.m in Sources */ = {isa = PBXBuildFile; fileRef = 33E4A515248FFFDD00433842 /* CityMapView.m */; };
/* End PBXBuildFile section */

/* Begin PBXFileReference section */
		332761AE2479053A00BDB8C4 /* FirstViewController.h */ = {isa = PBXFileReference; lastKnownFileType = sourcecode.c.h; path = FirstViewController.h; sourceTree = "<group>"; };
		332761AF2479053A00BDB8C4 /* SecondViewController.h */ = {isa = PBXFileReference; lastKnownFileType = sourcecode.c.h; path = SecondViewController.h; sourceTree = "<group>"; };
		332761B02479053A00BDB8C4 /* FirstViewController.m */ = {isa = PBXFileReference; lastKnownFileType = sourcecode.c.objc; path = FirstViewController.m; sourceTree = "<group>"; };
		332761B12479053A00BDB8C4 /* SecondViewController.m */ = {isa = PBXFileReference; lastKnownFileType = sourcecode.c.objc; path = SecondViewController.m; sourceTree = "<group>"; };
		332761B724790C7900BDB8C4 /* project.xcworkspace */ = {isa = PBXFileReference; lastKnownFileType = wrapper.workspace; name = project.xcworkspace; path = MyAvia.xcodeproj/project.xcworkspace; sourceTree = "<group>"; };
		332761C724790F6D00BDB8C4 /* AirportsViewController.h */ = {isa = PBXFileReference; lastKnownFileType = sourcecode.c.h; path = AirportsViewController.h; sourceTree = "<group>"; };
		332761C824790F6D00BDB8C4 /* AirportsViewController.m */ = {isa = PBXFileReference; lastKnownFileType = sourcecode.c.objc; path = AirportsViewController.m; sourceTree = "<group>"; };
		332761CA2479117100BDB8C4 /* CitiesViewController.h */ = {isa = PBXFileReference; lastKnownFileType = sourcecode.c.h; path = CitiesViewController.h; sourceTree = "<group>"; };
		332761CB2479117100BDB8C4 /* CitiesViewController.m */ = {isa = PBXFileReference; lastKnownFileType = sourcecode.c.objc; path = CitiesViewController.m; sourceTree = "<group>"; };
		332761CD2479152900BDB8C4 /* AirportTableViewCell.h */ = {isa = PBXFileReference; lastKnownFileType = sourcecode.c.h; path = AirportTableViewCell.h; sourceTree = "<group>"; };
		332761CE2479152900BDB8C4 /* AirportTableViewCell.m */ = {isa = PBXFileReference; lastKnownFileType = sourcecode.c.objc; path = AirportTableViewCell.m; sourceTree = "<group>"; };
		33346DE4249C7F3C00A08AE6 /* MainTabBarController.h */ = {isa = PBXFileReference; lastKnownFileType = sourcecode.c.h; path = MainTabBarController.h; sourceTree = "<group>"; };
		33346DE5249C7F3C00A08AE6 /* MainTabBarController.m */ = {isa = PBXFileReference; lastKnownFileType = sourcecode.c.objc; path = MainTabBarController.m; sourceTree = "<group>"; };
		33346DEA249DC70800A08AE6 /* PhotoStoryboard.storyboard */ = {isa = PBXFileReference; lastKnownFileType = file.storyboard; path = PhotoStoryboard.storyboard; sourceTree = "<group>"; };
		33346DEC249DCF5800A08AE6 /* PhotoCollectionViewController.h */ = {isa = PBXFileReference; lastKnownFileType = sourcecode.c.h; path = PhotoCollectionViewController.h; sourceTree = "<group>"; };
		33346DED249DCF5800A08AE6 /* PhotoCollectionViewController.m */ = {isa = PBXFileReference; lastKnownFileType = sourcecode.c.objc; path = PhotoCollectionViewController.m; sourceTree = "<group>"; };
		33346DEF249DD2CB00A08AE6 /* PhotoNavigationController.h */ = {isa = PBXFileReference; lastKnownFileType = sourcecode.c.h; path = PhotoNavigationController.h; sourceTree = "<group>"; };
		33346DF0249DD2CB00A08AE6 /* PhotoNavigationController.m */ = {isa = PBXFileReference; lastKnownFileType = sourcecode.c.objc; path = PhotoNavigationController.m; sourceTree = "<group>"; };
		33346DF2249F14F800A08AE6 /* PhotoCollectionViewCell.h */ = {isa = PBXFileReference; lastKnownFileType = sourcecode.c.h; path = PhotoCollectionViewCell.h; sourceTree = "<group>"; };
		33346DF3249F14F800A08AE6 /* PhotoCollectionViewCell.m */ = {isa = PBXFileReference; lastKnownFileType = sourcecode.c.objc; path = PhotoCollectionViewCell.m; sourceTree = "<group>"; };
		33C7D6B924791BD2000E3E53 /* DataManager.h */ = {isa = PBXFileReference; fileEncoding = 4; lastKnownFileType = sourcecode.c.h; path = DataManager.h; sourceTree = "<group>"; };
		33C7D6BA24791BD2000E3E53 /* countries.json */ = {isa = PBXFileReference; fileEncoding = 4; lastKnownFileType = text.json; path = countries.json; sourceTree = "<group>"; };
		33C7D6BC24791BD2000E3E53 /* Country.m */ = {isa = PBXFileReference; fileEncoding = 4; lastKnownFileType = sourcecode.c.objc; path = Country.m; sourceTree = "<group>"; };
		33C7D6BD24791BD2000E3E53 /* Airport.h */ = {isa = PBXFileReference; fileEncoding = 4; lastKnownFileType = sourcecode.c.h; path = Airport.h; sourceTree = "<group>"; };
		33C7D6BE24791BD2000E3E53 /* City.m */ = {isa = PBXFileReference; fileEncoding = 4; lastKnownFileType = sourcecode.c.objc; path = City.m; sourceTree = "<group>"; };
		33C7D6BF24791BD2000E3E53 /* Airport.m */ = {isa = PBXFileReference; fileEncoding = 4; lastKnownFileType = sourcecode.c.objc; path = Airport.m; sourceTree = "<group>"; };
		33C7D6C024791BD2000E3E53 /* Country.h */ = {isa = PBXFileReference; fileEncoding = 4; lastKnownFileType = sourcecode.c.h; path = Country.h; sourceTree = "<group>"; };
		33C7D6C124791BD2000E3E53 /* City.h */ = {isa = PBXFileReference; fileEncoding = 4; lastKnownFileType = sourcecode.c.h; path = City.h; sourceTree = "<group>"; };
		33C7D6C224791BD2000E3E53 /* DataManager.m */ = {isa = PBXFileReference; fileEncoding = 4; lastKnownFileType = sourcecode.c.objc; path = DataManager.m; sourceTree = "<group>"; };
		33C7D6C324791BD2000E3E53 /* cities.json */ = {isa = PBXFileReference; fileEncoding = 4; lastKnownFileType = text.json; path = cities.json; sourceTree = "<group>"; };
		33C7D6C424791BD2000E3E53 /* airports.json */ = {isa = PBXFileReference; fileEncoding = 4; lastKnownFileType = text.json; path = airports.json; sourceTree = "<group>"; };
		33C7D6E524791D85000E3E53 /* CityTableViewCell.h */ = {isa = PBXFileReference; lastKnownFileType = sourcecode.c.h; path = CityTableViewCell.h; sourceTree = "<group>"; };
		33C7D6E624791D85000E3E53 /* CityTableViewCell.m */ = {isa = PBXFileReference; lastKnownFileType = sourcecode.c.objc; path = CityTableViewCell.m; sourceTree = "<group>"; };
		33CCAD602483972100E7C32F /* NewsStoryboard.storyboard */ = {isa = PBXFileReference; lastKnownFileType = file.storyboard; path = NewsStoryboard.storyboard; sourceTree = "<group>"; };
		33CCAD632483A13C00E7C32F /* NewsNavigationController.h */ = {isa = PBXFileReference; lastKnownFileType = sourcecode.c.h; path = NewsNavigationController.h; sourceTree = "<group>"; };
		33CCAD642483A13C00E7C32F /* NewsNavigationController.m */ = {isa = PBXFileReference; lastKnownFileType = sourcecode.c.objc; path = NewsNavigationController.m; sourceTree = "<group>"; };
		33CCAD662483A6E300E7C32F /* NewsTableViewController.h */ = {isa = PBXFileReference; lastKnownFileType = sourcecode.c.h; path = NewsTableViewController.h; sourceTree = "<group>"; };
		33CCAD672483A6E300E7C32F /* NewsTableViewController.m */ = {isa = PBXFileReference; lastKnownFileType = sourcecode.c.objc; path = NewsTableViewController.m; sourceTree = "<group>"; };
		33CCAD6A2483AA3C00E7C32F /* NewsDataManager.h */ = {isa = PBXFileReference; lastKnownFileType = sourcecode.c.h; path = NewsDataManager.h; sourceTree = "<group>"; };
		33CCAD6B2483AA3C00E7C32F /* NewsDataManager.m */ = {isa = PBXFileReference; lastKnownFileType = sourcecode.c.objc; path = NewsDataManager.m; sourceTree = "<group>"; };
		33CCAD6E2483AA6E00E7C32F /* News.h */ = {isa = PBXFileReference; lastKnownFileType = sourcecode.c.h; path = News.h; sourceTree = "<group>"; };
		33CCAD6F2483AA6E00E7C32F /* News.m */ = {isa = PBXFileReference; lastKnownFileType = sourcecode.c.objc; path = News.m; sourceTree = "<group>"; };
		33CCAD722483C08800E7C32F /* NewsTableViewCell.h */ = {isa = PBXFileReference; lastKnownFileType = sourcecode.c.h; path = NewsTableViewCell.h; sourceTree = "<group>"; };
		33CCAD732483C08800E7C32F /* NewsTableViewCell.m */ = {isa = PBXFileReference; lastKnownFileType = sourcecode.c.objc; path = NewsTableViewCell.m; sourceTree = "<group>"; };
		33CCAD752483D97F00E7C32F /* NewsContentViewController.h */ = {isa = PBXFileReference; lastKnownFileType = sourcecode.c.h; path = NewsContentViewController.h; sourceTree = "<group>"; };
		33CCAD762483D97F00E7C32F /* NewsContentViewController.m */ = {isa = PBXFileReference; lastKnownFileType = sourcecode.c.objc; path = NewsContentViewController.m; sourceTree = "<group>"; };
		33DA2ACC247112FA00CF4490 /* MyAvia.app */ = {isa = PBXFileReference; explicitFileType = wrapper.application; includeInIndex = 0; path = MyAvia.app; sourceTree = BUILT_PRODUCTS_DIR; };
		33DA2ACF247112FA00CF4490 /* AppDelegate.h */ = {isa = PBXFileReference; lastKnownFileType = sourcecode.c.h; path = AppDelegate.h; sourceTree = "<group>"; };
		33DA2AD0247112FA00CF4490 /* AppDelegate.m */ = {isa = PBXFileReference; lastKnownFileType = sourcecode.c.objc; path = AppDelegate.m; sourceTree = "<group>"; };
		33DA2AD2247112FA00CF4490 /* SceneDelegate.h */ = {isa = PBXFileReference; lastKnownFileType = sourcecode.c.h; path = SceneDelegate.h; sourceTree = "<group>"; };
		33DA2AD3247112FA00CF4490 /* SceneDelegate.m */ = {isa = PBXFileReference; lastKnownFileType = sourcecode.c.objc; path = SceneDelegate.m; sourceTree = "<group>"; };
		33DA2ADB247112FC00CF4490 /* Assets.xcassets */ = {isa = PBXFileReference; lastKnownFileType = folder.assetcatalog; path = Assets.xcassets; sourceTree = "<group>"; };
		33DA2ADE247112FC00CF4490 /* Base */ = {isa = PBXFileReference; lastKnownFileType = file.storyboard; name = Base; path = Base.lproj/LaunchScreen.storyboard; sourceTree = "<group>"; };
		33DA2AE0247112FC00CF4490 /* Info.plist */ = {isa = PBXFileReference; lastKnownFileType = text.plist.xml; path = Info.plist; sourceTree = "<group>"; };
		33DA2AE1247112FC00CF4490 /* main.m */ = {isa = PBXFileReference; lastKnownFileType = sourcecode.c.objc; path = main.m; sourceTree = "<group>"; };
		33E4A511248FFB8500433842 /* CityMapViewController.h */ = {isa = PBXFileReference; lastKnownFileType = sourcecode.c.h; path = CityMapViewController.h; sourceTree = "<group>"; };
		33E4A512248FFB8500433842 /* CityMapViewController.m */ = {isa = PBXFileReference; lastKnownFileType = sourcecode.c.objc; path = CityMapViewController.m; sourceTree = "<group>"; };
		33E4A514248FFFDD00433842 /* CityMapView.h */ = {isa = PBXFileReference; lastKnownFileType = sourcecode.c.h; path = CityMapView.h; sourceTree = "<group>"; };
		33E4A515248FFFDD00433842 /* CityMapView.m */ = {isa = PBXFileReference; lastKnownFileType = sourcecode.c.objc; path = CityMapView.m; sourceTree = "<group>"; };
/* End PBXFileReference section */

/* Begin PBXFrameworksBuildPhase section */
		33DA2AC9247112FA00CF4490 /* Frameworks */ = {
			isa = PBXFrameworksBuildPhase;
			buildActionMask = 2147483647;
			files = (
			);
			runOnlyForDeploymentPostprocessing = 0;
		};
/* End PBXFrameworksBuildPhase section */

/* Begin PBXGroup section */
		332761AB2479044C00BDB8C4 /* Core */ = {
			isa = PBXGroup;
			children = (
				33DA2ACF247112FA00CF4490 /* AppDelegate.h */,
				33DA2AD0247112FA00CF4490 /* AppDelegate.m */,
				33DA2AD2247112FA00CF4490 /* SceneDelegate.h */,
				33DA2AD3247112FA00CF4490 /* SceneDelegate.m */,
			);
			path = Core;
			sourceTree = "<group>";
		};
		332761B2247906BC00BDB8C4 /* Flows */ = {
			isa = PBXGroup;
			children = (
				33346DE7249DC65F00A08AE6 /* Photo */,
				33346DE3249C7EA500A08AE6 /* MainTabBar */,
				33E4A50E248FFA2300433842 /* CityMap */,
				33CCAD5D2483954100E7C32F /* News */,
				332761C424790DEB00BDB8C4 /* Cities */,
				332761BE24790D6100BDB8C4 /* Airports */,
				332761B3247906D600BDB8C4 /* First */,
				332761B42479071D00BDB8C4 /* Second */,
			);
			path = Flows;
			sourceTree = "<group>";
		};
		332761B3247906D600BDB8C4 /* First */ = {
			isa = PBXGroup;
			children = (
				332761B02479053A00BDB8C4 /* FirstViewController.m */,
				332761AE2479053A00BDB8C4 /* FirstViewController.h */,
			);
			path = First;
			sourceTree = "<group>";
		};
		332761B42479071D00BDB8C4 /* Second */ = {
			isa = PBXGroup;
			children = (
				332761B12479053A00BDB8C4 /* SecondViewController.m */,
				332761AF2479053A00BDB8C4 /* SecondViewController.h */,
			);
			path = Second;
			sourceTree = "<group>";
		};
		332761B624790C7900BDB8C4 /* Frameworks */ = {
			isa = PBXGroup;
			children = (
				332761B724790C7900BDB8C4 /* project.xcworkspace */,
			);
			name = Frameworks;
			sourceTree = "<group>";
		};
		332761BE24790D6100BDB8C4 /* Airports */ = {
			isa = PBXGroup;
			children = (
				332761C324790DE200BDB8C4 /* Views */,
				332761BF24790D7D00BDB8C4 /* Controllers */,
			);
			path = Airports;
			sourceTree = "<group>";
		};
		332761BF24790D7D00BDB8C4 /* Controllers */ = {
			isa = PBXGroup;
			children = (
				332761C724790F6D00BDB8C4 /* AirportsViewController.h */,
				332761C824790F6D00BDB8C4 /* AirportsViewController.m */,
			);
			path = Controllers;
			sourceTree = "<group>";
		};
		332761C324790DE200BDB8C4 /* Views */ = {
			isa = PBXGroup;
			children = (
				332761CD2479152900BDB8C4 /* AirportTableViewCell.h */,
				332761CE2479152900BDB8C4 /* AirportTableViewCell.m */,
			);
			path = Views;
			sourceTree = "<group>";
		};
		332761C424790DEB00BDB8C4 /* Cities */ = {
			isa = PBXGroup;
			children = (
				332761C624790E0700BDB8C4 /* Views */,
				332761C524790DFA00BDB8C4 /* Controllers */,
			);
			path = Cities;
			sourceTree = "<group>";
		};
		332761C524790DFA00BDB8C4 /* Controllers */ = {
			isa = PBXGroup;
			children = (
				332761CA2479117100BDB8C4 /* CitiesViewController.h */,
				332761CB2479117100BDB8C4 /* CitiesViewController.m */,
			);
			path = Controllers;
			sourceTree = "<group>";
		};
		332761C624790E0700BDB8C4 /* Views */ = {
			isa = PBXGroup;
			children = (
				33C7D6E524791D85000E3E53 /* CityTableViewCell.h */,
				33C7D6E624791D85000E3E53 /* CityTableViewCell.m */,
			);
			path = Views;
			sourceTree = "<group>";
		};
		33346DE3249C7EA500A08AE6 /* MainTabBar */ = {
			isa = PBXGroup;
			children = (
				33346DE4249C7F3C00A08AE6 /* MainTabBarController.h */,
				33346DE5249C7F3C00A08AE6 /* MainTabBarController.m */,
			);
			path = MainTabBar;
			sourceTree = "<group>";
		};
		33346DE7249DC65F00A08AE6 /* Photo */ = {
			isa = PBXGroup;
			children = (
				33346DE9249DC6CE00A08AE6 /* Views */,
				33346DE8249DC6BE00A08AE6 /* Controllers */,
				33346DEA249DC70800A08AE6 /* PhotoStoryboard.storyboard */,
			);
			path = Photo;
			sourceTree = "<group>";
		};
		33346DE8249DC6BE00A08AE6 /* Controllers */ = {
			isa = PBXGroup;
			children = (
				33346DEC249DCF5800A08AE6 /* PhotoCollectionViewController.h */,
				33346DED249DCF5800A08AE6 /* PhotoCollectionViewController.m */,
				33346DEF249DD2CB00A08AE6 /* PhotoNavigationController.h */,
				33346DF0249DD2CB00A08AE6 /* PhotoNavigationController.m */,
			);
			path = Controllers;
			sourceTree = "<group>";
		};
		33346DE9249DC6CE00A08AE6 /* Views */ = {
			isa = PBXGroup;
			children = (
				33346DF2249F14F800A08AE6 /* PhotoCollectionViewCell.h */,
				33346DF3249F14F800A08AE6 /* PhotoCollectionViewCell.m */,
			);
			path = Views;
			sourceTree = "<group>";
		};
		33C7D6B824791BD2000E3E53 /* Data */ = {
			isa = PBXGroup;
			children = (
				33C7D6B924791BD2000E3E53 /* DataManager.h */,
				33C7D6BA24791BD2000E3E53 /* countries.json */,
				33C7D6BB24791BD2000E3E53 /* Model */,
				33C7D6C224791BD2000E3E53 /* DataManager.m */,
				33C7D6C324791BD2000E3E53 /* cities.json */,
				33C7D6C424791BD2000E3E53 /* airports.json */,
			);
			path = Data;
			sourceTree = "<group>";
		};
		33C7D6BB24791BD2000E3E53 /* Model */ = {
			isa = PBXGroup;
			children = (
				33C7D6BC24791BD2000E3E53 /* Country.m */,
				33C7D6BD24791BD2000E3E53 /* Airport.h */,
				33C7D6BE24791BD2000E3E53 /* City.m */,
				33C7D6BF24791BD2000E3E53 /* Airport.m */,
				33C7D6C024791BD2000E3E53 /* Country.h */,
				33C7D6C124791BD2000E3E53 /* City.h */,
			);
			path = Model;
			sourceTree = "<group>";
		};
		33CCAD5D2483954100E7C32F /* News */ = {
			isa = PBXGroup;
			children = (
				33CCAD712483BDFA00E7C32F /* Views */,
				33CCAD622483A0F600E7C32F /* Controllers */,
				33CCAD602483972100E7C32F /* NewsStoryboard.storyboard */,
			);
			path = News;
			sourceTree = "<group>";
		};
		33CCAD622483A0F600E7C32F /* Controllers */ = {
			isa = PBXGroup;
			children = (
				33CCAD632483A13C00E7C32F /* NewsNavigationController.h */,
				33CCAD642483A13C00E7C32F /* NewsNavigationController.m */,
				33CCAD662483A6E300E7C32F /* NewsTableViewController.h */,
				33CCAD672483A6E300E7C32F /* NewsTableViewController.m */,
				33CCAD752483D97F00E7C32F /* NewsContentViewController.h */,
				33CCAD762483D97F00E7C32F /* NewsContentViewController.m */,
			);
			path = Controllers;
			sourceTree = "<group>";
		};
		33CCAD692483A9D000E7C32F /* NewsData */ = {
			isa = PBXGroup;
			children = (
				33CCAD6D2483AA5200E7C32F /* Model */,
				33CCAD6A2483AA3C00E7C32F /* NewsDataManager.h */,
				33CCAD6B2483AA3C00E7C32F /* NewsDataManager.m */,
			);
			path = NewsData;
			sourceTree = "<group>";
		};
		33CCAD6D2483AA5200E7C32F /* Model */ = {
			isa = PBXGroup;
			children = (
				33CCAD6E2483AA6E00E7C32F /* News.h */,
				33CCAD6F2483AA6E00E7C32F /* News.m */,
			);
			path = Model;
			sourceTree = "<group>";
		};
		33CCAD712483BDFA00E7C32F /* Views */ = {
			isa = PBXGroup;
			children = (
				33CCAD722483C08800E7C32F /* NewsTableViewCell.h */,
				33CCAD732483C08800E7C32F /* NewsTableViewCell.m */,
			);
			path = Views;
			sourceTree = "<group>";
		};
		33DA2AC3247112FA00CF4490 = {
			isa = PBXGroup;
			children = (
				33CCAD692483A9D000E7C32F /* NewsData */,
				33C7D6B824791BD2000E3E53 /* Data */,
				33DA2ACE247112FA00CF4490 /* MyAvia */,
				33DA2ACD247112FA00CF4490 /* Products */,
				332761B624790C7900BDB8C4 /* Frameworks */,
			);
			sourceTree = "<group>";
		};
		33DA2ACD247112FA00CF4490 /* Products */ = {
			isa = PBXGroup;
			children = (
				33DA2ACC247112FA00CF4490 /* MyAvia.app */,
			);
			name = Products;
			sourceTree = "<group>";
		};
		33DA2ACE247112FA00CF4490 /* MyAvia */ = {
			isa = PBXGroup;
			children = (
				33DA2AE1247112FC00CF4490 /* main.m */,
				33DA2AE0247112FC00CF4490 /* Info.plist */,
				33DA2ADB247112FC00CF4490 /* Assets.xcassets */,
				33DA2ADD247112FC00CF4490 /* LaunchScreen.storyboard */,
				332761AB2479044C00BDB8C4 /* Core */,
				332761B2247906BC00BDB8C4 /* Flows */,
			);
			path = MyAvia;
			sourceTree = "<group>";
		};
		33E4A50E248FFA2300433842 /* CityMap */ = {
			isa = PBXGroup;
			children = (
				33E4A50F248FFA4600433842 /* Views */,
				33E4A510248FFA6700433842 /* Controllers */,
			);
			path = CityMap;
			sourceTree = "<group>";
		};
		33E4A50F248FFA4600433842 /* Views */ = {
			isa = PBXGroup;
			children = (
				33E4A514248FFFDD00433842 /* CityMapView.h */,
				33E4A515248FFFDD00433842 /* CityMapView.m */,
			);
			path = Views;
			sourceTree = "<group>";
		};
		33E4A510248FFA6700433842 /* Controllers */ = {
			isa = PBXGroup;
			children = (
				33E4A511248FFB8500433842 /* CityMapViewController.h */,
				33E4A512248FFB8500433842 /* CityMapViewController.m */,
			);
			path = Controllers;
			sourceTree = "<group>";
		};
/* End PBXGroup section */

/* Begin PBXNativeTarget section */
		33DA2ACB247112FA00CF4490 /* MyAvia */ = {
			isa = PBXNativeTarget;
			buildConfigurationList = 33DA2AE5247112FC00CF4490 /* Build configuration list for PBXNativeTarget "MyAvia" */;
			buildPhases = (
				33DA2AC8247112FA00CF4490 /* Sources */,
				33DA2AC9247112FA00CF4490 /* Frameworks */,
				33DA2ACA247112FA00CF4490 /* Resources */,
			);
			buildRules = (
			);
			dependencies = (
			);
			name = MyAvia;
			productName = MyAvia;
			productReference = 33DA2ACC247112FA00CF4490 /* MyAvia.app */;
			productType = "com.apple.product-type.application";
		};
/* End PBXNativeTarget section */

/* Begin PBXProject section */
		33DA2AC4247112FA00CF4490 /* Project object */ = {
			isa = PBXProject;
			attributes = {
				LastUpgradeCheck = 1140;
				ORGANIZATIONNAME = "Андрей Закусов";
				TargetAttributes = {
					33DA2ACB247112FA00CF4490 = {
						CreatedOnToolsVersion = 11.4.1;
					};
				};
			};
			buildConfigurationList = 33DA2AC7247112FA00CF4490 /* Build configuration list for PBXProject "MyAvia" */;
			compatibilityVersion = "Xcode 9.3";
			developmentRegion = en;
			hasScannedForEncodings = 0;
			knownRegions = (
				en,
				Base,
			);
			mainGroup = 33DA2AC3247112FA00CF4490;
			productRefGroup = 33DA2ACD247112FA00CF4490 /* Products */;
			projectDirPath = "";
			projectRoot = "";
			targets = (
				33DA2ACB247112FA00CF4490 /* MyAvia */,
			);
		};
/* End PBXProject section */

/* Begin PBXResourcesBuildPhase section */
		33DA2ACA247112FA00CF4490 /* Resources */ = {
			isa = PBXResourcesBuildPhase;
			buildActionMask = 2147483647;
			files = (
				33CCAD612483972100E7C32F /* NewsStoryboard.storyboard in Resources */,
				33346DEB249DC70800A08AE6 /* PhotoStoryboard.storyboard in Resources */,
				33C7D6DB24791BD3000E3E53 /* cities.json in Resources */,
				33DA2ADF247112FC00CF4490 /* LaunchScreen.storyboard in Resources */,
				33C7D6D624791BD3000E3E53 /* countries.json in Resources */,
				33DA2ADC247112FC00CF4490 /* Assets.xcassets in Resources */,
				33C7D6DC24791BD3000E3E53 /* airports.json in Resources */,
			);
			runOnlyForDeploymentPostprocessing = 0;
		};
/* End PBXResourcesBuildPhase section */

/* Begin PBXSourcesBuildPhase section */
		33DA2AC8247112FA00CF4490 /* Sources */ = {
			isa = PBXSourcesBuildPhase;
			buildActionMask = 2147483647;
			files = (
				332761CC2479117100BDB8C4 /* CitiesViewController.m in Sources */,
				33C7D6E724791D85000E3E53 /* CityTableViewCell.m in Sources */,
				332761C924790F6D00BDB8C4 /* AirportsViewController.m in Sources */,
				33E4A516248FFFDD00433842 /* CityMapView.m in Sources */,
				33346DF1249DD2CB00A08AE6 /* PhotoNavigationController.m in Sources */,
				33CCAD702483AA6E00E7C32F /* News.m in Sources */,
				332761BD24790CFE00BDB8C4 /* main.m in Sources */,
				33346DEE249DCF5800A08AE6 /* PhotoCollectionViewController.m in Sources */,
				332761BC24790CF600BDB8C4 /* SecondViewController.m in Sources */,
				33C7D6D724791BD3000E3E53 /* Country.m in Sources */,
				33CCAD682483A6E300E7C32F /* NewsTableViewController.m in Sources */,
				33C7D6D824791BD3000E3E53 /* City.m in Sources */,
				33C7D6DA24791BD3000E3E53 /* DataManager.m in Sources */,
				33CCAD652483A13C00E7C32F /* NewsNavigationController.m in Sources */,
				332761BB24790CF200BDB8C4 /* FirstViewController.m in Sources */,
				332761CF2479152900BDB8C4 /* AirportTableViewCell.m in Sources */,
				332761BA24790CE200BDB8C4 /* SceneDelegate.m in Sources */,
				33CCAD772483D97F00E7C32F /* NewsContentViewController.m in Sources */,
				33346DE6249C7F3C00A08AE6 /* MainTabBarController.m in Sources */,
				33CCAD742483C08800E7C32F /* NewsTableViewCell.m in Sources */,
				33E4A513248FFB8500433842 /* CityMapViewController.m in Sources */,
				33C7D6D924791BD3000E3E53 /* Airport.m in Sources */,
				33CCAD6C2483AA3C00E7C32F /* NewsDataManager.m in Sources */,
				33346DF4249F14F800A08AE6 /* PhotoCollectionViewCell.m in Sources */,
				332761B924790CCB00BDB8C4 /* AppDelegate.m in Sources */,
			);
			runOnlyForDeploymentPostprocessing = 0;
		};
/* End PBXSourcesBuildPhase section */

/* Begin PBXVariantGroup section */
		33DA2ADD247112FC00CF4490 /* LaunchScreen.storyboard */ = {
			isa = PBXVariantGroup;
			children = (
				33DA2ADE247112FC00CF4490 /* Base */,
			);
			name = LaunchScreen.storyboard;
			sourceTree = "<group>";
		};
/* End PBXVariantGroup section */

/* Begin XCBuildConfiguration section */
		33DA2AE3247112FC00CF4490 /* Debug */ = {
			isa = XCBuildConfiguration;
			buildSettings = {
				ALWAYS_SEARCH_USER_PATHS = NO;
				CLANG_ANALYZER_NONNULL = YES;
				CLANG_ANALYZER_NUMBER_OBJECT_CONVERSION = YES_AGGRESSIVE;
				CLANG_CXX_LANGUAGE_STANDARD = "gnu++14";
				CLANG_CXX_LIBRARY = "libc++";
				CLANG_ENABLE_MODULES = YES;
				CLANG_ENABLE_OBJC_ARC = YES;
				CLANG_ENABLE_OBJC_WEAK = YES;
				CLANG_WARN_BLOCK_CAPTURE_AUTORELEASING = YES;
				CLANG_WARN_BOOL_CONVERSION = YES;
				CLANG_WARN_COMMA = YES;
				CLANG_WARN_CONSTANT_CONVERSION = YES;
				CLANG_WARN_DEPRECATED_OBJC_IMPLEMENTATIONS = YES;
				CLANG_WARN_DIRECT_OBJC_ISA_USAGE = YES_ERROR;
				CLANG_WARN_DOCUMENTATION_COMMENTS = YES;
				CLANG_WARN_EMPTY_BODY = YES;
				CLANG_WARN_ENUM_CONVERSION = YES;
				CLANG_WARN_INFINITE_RECURSION = YES;
				CLANG_WARN_INT_CONVERSION = YES;
				CLANG_WARN_NON_LITERAL_NULL_CONVERSION = YES;
				CLANG_WARN_OBJC_IMPLICIT_RETAIN_SELF = YES;
				CLANG_WARN_OBJC_LITERAL_CONVERSION = YES;
				CLANG_WARN_OBJC_ROOT_CLASS = YES_ERROR;
				CLANG_WARN_RANGE_LOOP_ANALYSIS = YES;
				CLANG_WARN_STRICT_PROTOTYPES = YES;
				CLANG_WARN_SUSPICIOUS_MOVE = YES;
				CLANG_WARN_UNGUARDED_AVAILABILITY = YES_AGGRESSIVE;
				CLANG_WARN_UNREACHABLE_CODE = YES;
				CLANG_WARN__DUPLICATE_METHOD_MATCH = YES;
				COPY_PHASE_STRIP = NO;
				DEBUG_INFORMATION_FORMAT = dwarf;
				ENABLE_STRICT_OBJC_MSGSEND = YES;
				ENABLE_TESTABILITY = YES;
				GCC_C_LANGUAGE_STANDARD = gnu11;
				GCC_DYNAMIC_NO_PIC = NO;
				GCC_NO_COMMON_BLOCKS = YES;
				GCC_OPTIMIZATION_LEVEL = 0;
				GCC_PREPROCESSOR_DEFINITIONS = (
					"DEBUG=1",
					"$(inherited)",
				);
				GCC_WARN_64_TO_32_BIT_CONVERSION = YES;
				GCC_WARN_ABOUT_RETURN_TYPE = YES_ERROR;
				GCC_WARN_UNDECLARED_SELECTOR = YES;
				GCC_WARN_UNINITIALIZED_AUTOS = YES_AGGRESSIVE;
				GCC_WARN_UNUSED_FUNCTION = YES;
				GCC_WARN_UNUSED_VARIABLE = YES;
				IPHONEOS_DEPLOYMENT_TARGET = 13.4;
				MTL_ENABLE_DEBUG_INFO = INCLUDE_SOURCE;
				MTL_FAST_MATH = YES;
				ONLY_ACTIVE_ARCH = YES;
				SDKROOT = iphoneos;
			};
			name = Debug;
		};
		33DA2AE4247112FC00CF4490 /* Release */ = {
			isa = XCBuildConfiguration;
			buildSettings = {
				ALWAYS_SEARCH_USER_PATHS = NO;
				CLANG_ANALYZER_NONNULL = YES;
				CLANG_ANALYZER_NUMBER_OBJECT_CONVERSION = YES_AGGRESSIVE;
				CLANG_CXX_LANGUAGE_STANDARD = "gnu++14";
				CLANG_CXX_LIBRARY = "libc++";
				CLANG_ENABLE_MODULES = YES;
				CLANG_ENABLE_OBJC_ARC = YES;
				CLANG_ENABLE_OBJC_WEAK = YES;
				CLANG_WARN_BLOCK_CAPTURE_AUTORELEASING = YES;
				CLANG_WARN_BOOL_CONVERSION = YES;
				CLANG_WARN_COMMA = YES;
				CLANG_WARN_CONSTANT_CONVERSION = YES;
				CLANG_WARN_DEPRECATED_OBJC_IMPLEMENTATIONS = YES;
				CLANG_WARN_DIRECT_OBJC_ISA_USAGE = YES_ERROR;
				CLANG_WARN_DOCUMENTATION_COMMENTS = YES;
				CLANG_WARN_EMPTY_BODY = YES;
				CLANG_WARN_ENUM_CONVERSION = YES;
				CLANG_WARN_INFINITE_RECURSION = YES;
				CLANG_WARN_INT_CONVERSION = YES;
				CLANG_WARN_NON_LITERAL_NULL_CONVERSION = YES;
				CLANG_WARN_OBJC_IMPLICIT_RETAIN_SELF = YES;
				CLANG_WARN_OBJC_LITERAL_CONVERSION = YES;
				CLANG_WARN_OBJC_ROOT_CLASS = YES_ERROR;
				CLANG_WARN_RANGE_LOOP_ANALYSIS = YES;
				CLANG_WARN_STRICT_PROTOTYPES = YES;
				CLANG_WARN_SUSPICIOUS_MOVE = YES;
				CLANG_WARN_UNGUARDED_AVAILABILITY = YES_AGGRESSIVE;
				CLANG_WARN_UNREACHABLE_CODE = YES;
				CLANG_WARN__DUPLICATE_METHOD_MATCH = YES;
				COPY_PHASE_STRIP = NO;
				DEBUG_INFORMATION_FORMAT = "dwarf-with-dsym";
				ENABLE_NS_ASSERTIONS = NO;
				ENABLE_STRICT_OBJC_MSGSEND = YES;
				GCC_C_LANGUAGE_STANDARD = gnu11;
				GCC_NO_COMMON_BLOCKS = YES;
				GCC_WARN_64_TO_32_BIT_CONVERSION = YES;
				GCC_WARN_ABOUT_RETURN_TYPE = YES_ERROR;
				GCC_WARN_UNDECLARED_SELECTOR = YES;
				GCC_WARN_UNINITIALIZED_AUTOS = YES_AGGRESSIVE;
				GCC_WARN_UNUSED_FUNCTION = YES;
				GCC_WARN_UNUSED_VARIABLE = YES;
				IPHONEOS_DEPLOYMENT_TARGET = 13.4;
				MTL_ENABLE_DEBUG_INFO = NO;
				MTL_FAST_MATH = YES;
				SDKROOT = iphoneos;
				VALIDATE_PRODUCT = YES;
			};
			name = Release;
		};
		33DA2AE6247112FC00CF4490 /* Debug */ = {
			isa = XCBuildConfiguration;
			buildSettings = {
				ASSETCATALOG_COMPILER_APPICON_NAME = AppIcon;
				CODE_SIGN_STYLE = Automatic;
				INFOPLIST_FILE = MyAvia/Info.plist;
				LD_RUNPATH_SEARCH_PATHS = (
					"$(inherited)",
					"@executable_path/Frameworks",
				);
				PRODUCT_BUNDLE_IDENTIFIER = kio.inc.MyAvia;
				PRODUCT_NAME = "$(TARGET_NAME)";
				TARGETED_DEVICE_FAMILY = "1,2";
			};
			name = Debug;
		};
		33DA2AE7247112FC00CF4490 /* Release */ = {
			isa = XCBuildConfiguration;
			buildSettings = {
				ASSETCATALOG_COMPILER_APPICON_NAME = AppIcon;
				CODE_SIGN_STYLE = Automatic;
				INFOPLIST_FILE = MyAvia/Info.plist;
				LD_RUNPATH_SEARCH_PATHS = (
					"$(inherited)",
					"@executable_path/Frameworks",
				);
				PRODUCT_BUNDLE_IDENTIFIER = kio.inc.MyAvia;
				PRODUCT_NAME = "$(TARGET_NAME)";
				TARGETED_DEVICE_FAMILY = "1,2";
			};
			name = Release;
		};
/* End XCBuildConfiguration section */

/* Begin XCConfigurationList section */
		33DA2AC7247112FA00CF4490 /* Build configuration list for PBXProject "MyAvia" */ = {
			isa = XCConfigurationList;
			buildConfigurations = (
				33DA2AE3247112FC00CF4490 /* Debug */,
				33DA2AE4247112FC00CF4490 /* Release */,
			);
			defaultConfigurationIsVisible = 0;
			defaultConfigurationName = Release;
		};
		33DA2AE5247112FC00CF4490 /* Build configuration list for PBXNativeTarget "MyAvia" */ = {
			isa = XCConfigurationList;
			buildConfigurations = (
				33DA2AE6247112FC00CF4490 /* Debug */,
				33DA2AE7247112FC00CF4490 /* Release */,
			);
			defaultConfigurationIsVisible = 0;
			defaultConfigurationName = Release;
		};
/* End XCConfigurationList section */
	};
	rootObject = 33DA2AC4247112FA00CF4490 /* Project object */;
}
